
Microsoft Visual Studio Solution File, Format Version 12.00
# Visual Studio Version 17
VisualStudioVersion = 17.8.34525.116
MinimumVisualStudioVersion = 10.0.40219.1
Project("{FAE04EC0-301F-11D3-BF4B-00C04F79EFBC}") = "Calculator Activity", "Calculator Activity\Calculator Activity.csproj", "{D7B4DE7E-092E-47FF-B33F-E7EFC88B49C7}"
EndProject
Global
	GlobalSection(SolutionConfigurationPlatforms) = preSolution
		Debug|Any CPU = Debug|Any CPU
		Release|Any CPU = Release|Any CPU
	EndGlobalSection
	GlobalSection(ProjectConfigurationPlatforms) = postSolution
		{D7B4DE7E-092E-47FF-B33F-E7EFC88B49C7}.Debug|Any CPU.ActiveCfg = Debug|Any CPU
		{D7B4DE7E-092E-47FF-B33F-E7EFC88B49C7}.Debug|Any CPU.Build.0 = Debug|Any CPU
		{D7B4DE7E-092E-47FF-B33F-E7EFC88B49C7}.Release|Any CPU.ActiveCfg = Release|Any CPU
		{D7B4DE7E-092E-47FF-B33F-E7EFC88B49C7}.Release|Any CPU.Build.0 = Release|Any CPU
	EndGlobalSection
	GlobalSection(SolutionProperties) = preSolution
		HideSolutionNode = FALSE
	EndGlobalSection
	GlobalSection(ExtensibilityGlobals) = postSolution
		SolutionGuid = {638BB961-4658-4D38-A796-A695E8A98311}
	EndGlobalSection
EndGlobal
